
Microsoft Visual Studio Solution File, Format Version 12.00
# Visual Studio Version 17
VisualStudioVersion = 17.2.32630.192
MinimumVisualStudioVersion = 10.0.40219.1
Project("{9A19103F-16F7-4668-BE54-9A1E7A4F7556}") = "Spicy-Nvader", "Spicy-Nvader\Spicy-Nvader.csproj", "{ED379605-22CA-496B-AB83-827E6B9D775C}"
EndProject
Project("{9A19103F-16F7-4668-BE54-9A1E7A4F7556}") = "ClasseSpicyNvader", "ClasseSpicyNvader\ClasseSpicyNvader.csproj", "{44DC63B0-BABF-4CB7-8089-F5D0827468B2}"
EndProject
Project("{9A19103F-16F7-4668-BE54-9A1E7A4F7556}") = "TestSpicyNvader", "TestSpicyNvader\TestSpicyNvader.csproj", "{9F6226B2-D35D-47F5-9890-385F99C7843E}"
EndProject
Global
	GlobalSection(SolutionConfigurationPlatforms) = preSolution
		Debug|Any CPU = Debug|Any CPU
		Release|Any CPU = Release|Any CPU
	EndGlobalSection
	GlobalSection(ProjectConfigurationPlatforms) = postSolution
		{ED379605-22CA-496B-AB83-827E6B9D775C}.Debug|Any CPU.ActiveCfg = Debug|Any CPU
		{ED379605-22CA-496B-AB83-827E6B9D775C}.Debug|Any CPU.Build.0 = Debug|Any CPU
		{ED379605-22CA-496B-AB83-827E6B9D775C}.Release|Any CPU.ActiveCfg = Release|Any CPU
		{ED379605-22CA-496B-AB83-827E6B9D775C}.Release|Any CPU.Build.0 = Release|Any CPU
		{44DC63B0-BABF-4CB7-8089-F5D0827468B2}.Debug|Any CPU.ActiveCfg = Debug|Any CPU
		{44DC63B0-BABF-4CB7-8089-F5D0827468B2}.Debug|Any CPU.Build.0 = Debug|Any CPU
		{44DC63B0-BABF-4CB7-8089-F5D0827468B2}.Release|Any CPU.ActiveCfg = Release|Any CPU
		{44DC63B0-BABF-4CB7-8089-F5D0827468B2}.Release|Any CPU.Build.0 = Release|Any CPU
		{9F6226B2-D35D-47F5-9890-385F99C7843E}.Debug|Any CPU.ActiveCfg = Debug|Any CPU
		{9F6226B2-D35D-47F5-9890-385F99C7843E}.Debug|Any CPU.Build.0 = Debug|Any CPU
		{9F6226B2-D35D-47F5-9890-385F99C7843E}.Release|Any CPU.ActiveCfg = Release|Any CPU
		{9F6226B2-D35D-47F5-9890-385F99C7843E}.Release|Any CPU.Build.0 = Release|Any CPU
	EndGlobalSection
	GlobalSection(SolutionProperties) = preSolution
		HideSolutionNode = FALSE
	EndGlobalSection
	GlobalSection(ExtensibilityGlobals) = postSolution
		SolutionGuid = {B8F444A2-2743-44E5-A90B-787AC517DE0C}
	EndGlobalSection
EndGlobal
